// !$*UTF8*$!
{
	archiveVersion = 1;
	classes = {
	};
	objectVersion = 56;
	objects = {

/* Begin PBXBuildFile section */
		5F2A20442C7258C5001310FA /* UIApplication+EndEditing.swift in Sources */ = {isa = PBXBuildFile; fileRef = 5F2A20432C7258C5001310FA /* UIApplication+EndEditing.swift */; };
		5F4E00842C71D7FB00EE7D87 /* Constants.swift in Sources */ = {isa = PBXBuildFile; fileRef = 5F4E00832C71D7FB00EE7D87 /* Constants.swift */; };
		5F4E00862C71DC6900EE7D87 /* GameManager.swift in Sources */ = {isa = PBXBuildFile; fileRef = 5F4E00852C71DC6900EE7D87 /* GameManager.swift */; };
		5F4E00882C71E5E500EE7D87 /* PrepareView.swift in Sources */ = {isa = PBXBuildFile; fileRef = 5F4E00872C71E5E500EE7D87 /* PrepareView.swift */; };
		5F4E008A2C71F57200EE7D87 /* Router.swift in Sources */ = {isa = PBXBuildFile; fileRef = 5F4E00892C71F57200EE7D87 /* Router.swift */; };
		5F4E008C2C72023400EE7D87 /* RoundResultView.swift in Sources */ = {isa = PBXBuildFile; fileRef = 5F4E008B2C72023400EE7D87 /* RoundResultView.swift */; };
		5F4E008E2C7205DB00EE7D87 /* GameResultView.swift in Sources */ = {isa = PBXBuildFile; fileRef = 5F4E008D2C7205DB00EE7D87 /* GameResultView.swift */; };
		5F4E00922C72446F00EE7D87 /* FirebaseAnalytics in Frameworks */ = {isa = PBXBuildFile; productRef = 5F4E00912C72446F00EE7D87 /* FirebaseAnalytics */; };
		5F4E00942C72446F00EE7D87 /* FirebaseAnalyticsOnDeviceConversion in Frameworks */ = {isa = PBXBuildFile; productRef = 5F4E00932C72446F00EE7D87 /* FirebaseAnalyticsOnDeviceConversion */; };
		5F4E00962C72446F00EE7D87 /* FirebaseAnalyticsWithoutAdIdSupport in Frameworks */ = {isa = PBXBuildFile; productRef = 5F4E00952C72446F00EE7D87 /* FirebaseAnalyticsWithoutAdIdSupport */; };
		5F4E00982C72446F00EE7D87 /* FirebaseAppCheck in Frameworks */ = {isa = PBXBuildFile; productRef = 5F4E00972C72446F00EE7D87 /* FirebaseAppCheck */; };
		5F4E009A2C72446F00EE7D87 /* FirebaseAppDistribution-Beta in Frameworks */ = {isa = PBXBuildFile; productRef = 5F4E00992C72446F00EE7D87 /* FirebaseAppDistribution-Beta */; };
		5F4E009C2C72446F00EE7D87 /* FirebaseAuth in Frameworks */ = {isa = PBXBuildFile; productRef = 5F4E009B2C72446F00EE7D87 /* FirebaseAuth */; };
		5F4E009E2C72446F00EE7D87 /* FirebaseAuthCombine-Community in Frameworks */ = {isa = PBXBuildFile; productRef = 5F4E009D2C72446F00EE7D87 /* FirebaseAuthCombine-Community */; };
		5F4E00A02C72446F00EE7D87 /* FirebaseCrashlytics in Frameworks */ = {isa = PBXBuildFile; productRef = 5F4E009F2C72446F00EE7D87 /* FirebaseCrashlytics */; };
		5F4E00A22C72446F00EE7D87 /* FirebaseDatabase in Frameworks */ = {isa = PBXBuildFile; productRef = 5F4E00A12C72446F00EE7D87 /* FirebaseDatabase */; };
		5F4E00A42C72446F00EE7D87 /* FirebaseDynamicLinks in Frameworks */ = {isa = PBXBuildFile; productRef = 5F4E00A32C72446F00EE7D87 /* FirebaseDynamicLinks */; };
		5F4E00A62C72446F00EE7D87 /* FirebaseFirestore in Frameworks */ = {isa = PBXBuildFile; productRef = 5F4E00A52C72446F00EE7D87 /* FirebaseFirestore */; };
		5F4E00A82C72446F00EE7D87 /* FirebaseFirestoreCombine-Community in Frameworks */ = {isa = PBXBuildFile; productRef = 5F4E00A72C72446F00EE7D87 /* FirebaseFirestoreCombine-Community */; };
		5F4E00AA2C72446F00EE7D87 /* FirebaseFunctions in Frameworks */ = {isa = PBXBuildFile; productRef = 5F4E00A92C72446F00EE7D87 /* FirebaseFunctions */; };
		5F4E00AC2C72446F00EE7D87 /* FirebaseFunctionsCombine-Community in Frameworks */ = {isa = PBXBuildFile; productRef = 5F4E00AB2C72446F00EE7D87 /* FirebaseFunctionsCombine-Community */; };
		5F4E00AE2C72446F00EE7D87 /* FirebaseInAppMessaging-Beta in Frameworks */ = {isa = PBXBuildFile; productRef = 5F4E00AD2C72446F00EE7D87 /* FirebaseInAppMessaging-Beta */; };
		5F4E00B02C72446F00EE7D87 /* FirebaseInstallations in Frameworks */ = {isa = PBXBuildFile; productRef = 5F4E00AF2C72446F00EE7D87 /* FirebaseInstallations */; };
		5F4E00B22C72446F00EE7D87 /* FirebaseMLModelDownloader in Frameworks */ = {isa = PBXBuildFile; productRef = 5F4E00B12C72446F00EE7D87 /* FirebaseMLModelDownloader */; };
		5F4E00B42C72446F00EE7D87 /* FirebaseMessaging in Frameworks */ = {isa = PBXBuildFile; productRef = 5F4E00B32C72446F00EE7D87 /* FirebaseMessaging */; };
		5F4E00B62C72446F00EE7D87 /* FirebasePerformance in Frameworks */ = {isa = PBXBuildFile; productRef = 5F4E00B52C72446F00EE7D87 /* FirebasePerformance */; };
		5F4E00B82C72446F00EE7D87 /* FirebaseRemoteConfig in Frameworks */ = {isa = PBXBuildFile; productRef = 5F4E00B72C72446F00EE7D87 /* FirebaseRemoteConfig */; };
		5F4E00BA2C72446F00EE7D87 /* FirebaseStorage in Frameworks */ = {isa = PBXBuildFile; productRef = 5F4E00B92C72446F00EE7D87 /* FirebaseStorage */; };
		5F4E00BC2C72446F00EE7D87 /* FirebaseStorageCombine-Community in Frameworks */ = {isa = PBXBuildFile; productRef = 5F4E00BB2C72446F00EE7D87 /* FirebaseStorageCombine-Community */; };
		5F4E00BE2C72446F00EE7D87 /* FirebaseVertexAI-Preview in Frameworks */ = {isa = PBXBuildFile; productRef = 5F4E00BD2C72446F00EE7D87 /* FirebaseVertexAI-Preview */; };
		5F4E00C02C72453600EE7D87 /* WebView.swift in Sources */ = {isa = PBXBuildFile; fileRef = 5F4E00BF2C72453600EE7D87 /* WebView.swift */; };
		5F4E00C22C72483E00EE7D87 /* GoogleService-Info.plist in Resources */ = {isa = PBXBuildFile; fileRef = 5F4E00C12C72483E00EE7D87 /* GoogleService-Info.plist */; };
		5F7E5F912C67B995003DCB2F /* AliasApp.swift in Sources */ = {isa = PBXBuildFile; fileRef = 5F7E5F902C67B995003DCB2F /* AliasApp.swift */; };
		5F7E5F952C67B997003DCB2F /* Assets.xcassets in Resources */ = {isa = PBXBuildFile; fileRef = 5F7E5F942C67B997003DCB2F /* Assets.xcassets */; };
		5F7E5F982C67B997003DCB2F /* Preview Assets.xcassets in Resources */ = {isa = PBXBuildFile; fileRef = 5F7E5F972C67B997003DCB2F /* Preview Assets.xcassets */; };
		5F7E5F9F2C67B9DD003DCB2F /* MainMenuView.swift in Sources */ = {isa = PBXBuildFile; fileRef = 5F7E5F9E2C67B9DD003DCB2F /* MainMenuView.swift */; };
		5F7E5FA22C67BAE4003DCB2F /* Color+Random.swift in Sources */ = {isa = PBXBuildFile; fileRef = 5F7E5FA12C67BAE4003DCB2F /* Color+Random.swift */; };
		5F8157332C70DB2500CEDD8F /* WordGuessView.swift in Sources */ = {isa = PBXBuildFile; fileRef = 5F8157322C70DB2500CEDD8F /* WordGuessView.swift */; };
		5F8157392C71128300CEDD8F /* Array+RemoveRandom.swift in Sources */ = {isa = PBXBuildFile; fileRef = 5F8157382C71128300CEDD8F /* Array+RemoveRandom.swift */; };
/* End PBXBuildFile section */

/* Begin PBXFileReference section */
		5F2A20432C7258C5001310FA /* UIApplication+EndEditing.swift */ = {isa = PBXFileReference; lastKnownFileType = sourcecode.swift; path = "UIApplication+EndEditing.swift"; sourceTree = "<group>"; };
		5F4E00832C71D7FB00EE7D87 /* Constants.swift */ = {isa = PBXFileReference; lastKnownFileType = sourcecode.swift; path = Constants.swift; sourceTree = "<group>"; };
		5F4E00852C71DC6900EE7D87 /* GameManager.swift */ = {isa = PBXFileReference; lastKnownFileType = sourcecode.swift; path = GameManager.swift; sourceTree = "<group>"; };
		5F4E00872C71E5E500EE7D87 /* PrepareView.swift */ = {isa = PBXFileReference; lastKnownFileType = sourcecode.swift; path = PrepareView.swift; sourceTree = "<group>"; };
		5F4E00892C71F57200EE7D87 /* Router.swift */ = {isa = PBXFileReference; lastKnownFileType = sourcecode.swift; path = Router.swift; sourceTree = "<group>"; };
		5F4E008B2C72023400EE7D87 /* RoundResultView.swift */ = {isa = PBXFileReference; lastKnownFileType = sourcecode.swift; path = RoundResultView.swift; sourceTree = "<group>"; };
		5F4E008D2C7205DB00EE7D87 /* GameResultView.swift */ = {isa = PBXFileReference; lastKnownFileType = sourcecode.swift; path = GameResultView.swift; sourceTree = "<group>"; };
		5F4E00BF2C72453600EE7D87 /* WebView.swift */ = {isa = PBXFileReference; lastKnownFileType = sourcecode.swift; path = WebView.swift; sourceTree = "<group>"; };
		5F4E00C12C72483E00EE7D87 /* GoogleService-Info.plist */ = {isa = PBXFileReference; fileEncoding = 4; lastKnownFileType = text.plist.xml; path = "GoogleService-Info.plist"; sourceTree = "<group>"; };
		5F7E5F8D2C67B995003DCB2F /* Alias.app */ = {isa = PBXFileReference; explicitFileType = wrapper.application; includeInIndex = 0; path = Alias.app; sourceTree = BUILT_PRODUCTS_DIR; };
		5F7E5F902C67B995003DCB2F /* AliasApp.swift */ = {isa = PBXFileReference; lastKnownFileType = sourcecode.swift; path = AliasApp.swift; sourceTree = "<group>"; };
		5F7E5F942C67B997003DCB2F /* Assets.xcassets */ = {isa = PBXFileReference; lastKnownFileType = folder.assetcatalog; path = Assets.xcassets; sourceTree = "<group>"; };
		5F7E5F972C67B997003DCB2F /* Preview Assets.xcassets */ = {isa = PBXFileReference; lastKnownFileType = folder.assetcatalog; path = "Preview Assets.xcassets"; sourceTree = "<group>"; };
		5F7E5F9E2C67B9DD003DCB2F /* MainMenuView.swift */ = {isa = PBXFileReference; lastKnownFileType = sourcecode.swift; path = MainMenuView.swift; sourceTree = "<group>"; };
		5F7E5FA12C67BAE4003DCB2F /* Color+Random.swift */ = {isa = PBXFileReference; lastKnownFileType = sourcecode.swift; path = "Color+Random.swift"; sourceTree = "<group>"; };
		5F8157322C70DB2500CEDD8F /* WordGuessView.swift */ = {isa = PBXFileReference; lastKnownFileType = sourcecode.swift; path = WordGuessView.swift; sourceTree = "<group>"; };
		5F8157382C71128300CEDD8F /* Array+RemoveRandom.swift */ = {isa = PBXFileReference; lastKnownFileType = sourcecode.swift; path = "Array+RemoveRandom.swift"; sourceTree = "<group>"; };
/* End PBXFileReference section */

/* Begin PBXFrameworksBuildPhase section */
		5F7E5F8A2C67B995003DCB2F /* Frameworks */ = {
			isa = PBXFrameworksBuildPhase;
			buildActionMask = 2147483647;
			files = (
				5F4E00BC2C72446F00EE7D87 /* FirebaseStorageCombine-Community in Frameworks */,
				5F4E00B42C72446F00EE7D87 /* FirebaseMessaging in Frameworks */,
				5F4E00B22C72446F00EE7D87 /* FirebaseMLModelDownloader in Frameworks */,
				5F4E00982C72446F00EE7D87 /* FirebaseAppCheck in Frameworks */,
				5F4E009C2C72446F00EE7D87 /* FirebaseAuth in Frameworks */,
				5F4E00922C72446F00EE7D87 /* FirebaseAnalytics in Frameworks */,
				5F4E009A2C72446F00EE7D87 /* FirebaseAppDistribution-Beta in Frameworks */,
				5F4E00962C72446F00EE7D87 /* FirebaseAnalyticsWithoutAdIdSupport in Frameworks */,
				5F4E00A02C72446F00EE7D87 /* FirebaseCrashlytics in Frameworks */,
				5F4E00A22C72446F00EE7D87 /* FirebaseDatabase in Frameworks */,
				5F4E00AC2C72446F00EE7D87 /* FirebaseFunctionsCombine-Community in Frameworks */,
				5F4E009E2C72446F00EE7D87 /* FirebaseAuthCombine-Community in Frameworks */,
				5F4E00BA2C72446F00EE7D87 /* FirebaseStorage in Frameworks */,
				5F4E00942C72446F00EE7D87 /* FirebaseAnalyticsOnDeviceConversion in Frameworks */,
				5F4E00AA2C72446F00EE7D87 /* FirebaseFunctions in Frameworks */,
				5F4E00B02C72446F00EE7D87 /* FirebaseInstallations in Frameworks */,
				5F4E00B62C72446F00EE7D87 /* FirebasePerformance in Frameworks */,
				5F4E00A82C72446F00EE7D87 /* FirebaseFirestoreCombine-Community in Frameworks */,
				5F4E00A62C72446F00EE7D87 /* FirebaseFirestore in Frameworks */,
				5F4E00A42C72446F00EE7D87 /* FirebaseDynamicLinks in Frameworks */,
				5F4E00AE2C72446F00EE7D87 /* FirebaseInAppMessaging-Beta in Frameworks */,
				5F4E00BE2C72446F00EE7D87 /* FirebaseVertexAI-Preview in Frameworks */,
				5F4E00B82C72446F00EE7D87 /* FirebaseRemoteConfig in Frameworks */,
			);
			runOnlyForDeploymentPostprocessing = 0;
		};
/* End PBXFrameworksBuildPhase section */

/* Begin PBXGroup section */
		5F4E008F2C7235F500EE7D87 /* Views */ = {
			isa = PBXGroup;
			children = (
				5F7E5F9E2C67B9DD003DCB2F /* MainMenuView.swift */,
				5F4E00872C71E5E500EE7D87 /* PrepareView.swift */,
				5F8157322C70DB2500CEDD8F /* WordGuessView.swift */,
				5F4E008B2C72023400EE7D87 /* RoundResultView.swift */,
				5F4E008D2C7205DB00EE7D87 /* GameResultView.swift */,
				5F4E00BF2C72453600EE7D87 /* WebView.swift */,
			);
			path = Views;
			sourceTree = "<group>";
		};
		5F7E5F842C67B995003DCB2F = {
			isa = PBXGroup;
			children = (
				5F7E5F8F2C67B995003DCB2F /* Alias */,
				5F7E5F8E2C67B995003DCB2F /* Products */,
			);
			sourceTree = "<group>";
		};
		5F7E5F8E2C67B995003DCB2F /* Products */ = {
			isa = PBXGroup;
			children = (
				5F7E5F8D2C67B995003DCB2F /* Alias.app */,
			);
			name = Products;
			sourceTree = "<group>";
		};
		5F7E5F8F2C67B995003DCB2F /* Alias */ = {
			isa = PBXGroup;
			children = (
				5F4E008F2C7235F500EE7D87 /* Views */,
				5F4E00892C71F57200EE7D87 /* Router.swift */,
				5F7E5F902C67B995003DCB2F /* AliasApp.swift */,
				5F4E00832C71D7FB00EE7D87 /* Constants.swift */,
				5F4E00852C71DC6900EE7D87 /* GameManager.swift */,
				5F4E00C12C72483E00EE7D87 /* GoogleService-Info.plist */,
				5F7E5FA02C67BAD4003DCB2F /* Extensions */,
				5F7E5F942C67B997003DCB2F /* Assets.xcassets */,
				5F7E5F962C67B997003DCB2F /* Preview Content */,
			);
			path = Alias;
			sourceTree = "<group>";
		};
		5F7E5F962C67B997003DCB2F /* Preview Content */ = {
			isa = PBXGroup;
			children = (
				5F7E5F972C67B997003DCB2F /* Preview Assets.xcassets */,
			);
			path = "Preview Content";
			sourceTree = "<group>";
		};
		5F7E5FA02C67BAD4003DCB2F /* Extensions */ = {
			isa = PBXGroup;
			children = (
				5F7E5FA12C67BAE4003DCB2F /* Color+Random.swift */,
				5F8157382C71128300CEDD8F /* Array+RemoveRandom.swift */,
				5F2A20432C7258C5001310FA /* UIApplication+EndEditing.swift */,
			);
			path = Extensions;
			sourceTree = "<group>";
		};
/* End PBXGroup section */

/* Begin PBXNativeTarget section */
		5F7E5F8C2C67B995003DCB2F /* Alias */ = {
			isa = PBXNativeTarget;
			buildConfigurationList = 5F7E5F9B2C67B997003DCB2F /* Build configuration list for PBXNativeTarget "Alias" */;
			buildPhases = (
				5F7E5F892C67B995003DCB2F /* Sources */,
				5F7E5F8A2C67B995003DCB2F /* Frameworks */,
				5F7E5F8B2C67B995003DCB2F /* Resources */,
			);
			buildRules = (
			);
			dependencies = (
			);
			name = Alias;
			packageProductDependencies = (
				5F4E00912C72446F00EE7D87 /* FirebaseAnalytics */,
				5F4E00932C72446F00EE7D87 /* FirebaseAnalyticsOnDeviceConversion */,
				5F4E00952C72446F00EE7D87 /* FirebaseAnalyticsWithoutAdIdSupport */,
				5F4E00972C72446F00EE7D87 /* FirebaseAppCheck */,
				5F4E00992C72446F00EE7D87 /* FirebaseAppDistribution-Beta */,
				5F4E009B2C72446F00EE7D87 /* FirebaseAuth */,
				5F4E009D2C72446F00EE7D87 /* FirebaseAuthCombine-Community */,
				5F4E009F2C72446F00EE7D87 /* FirebaseCrashlytics */,
				5F4E00A12C72446F00EE7D87 /* FirebaseDatabase */,
				5F4E00A32C72446F00EE7D87 /* FirebaseDynamicLinks */,
				5F4E00A52C72446F00EE7D87 /* FirebaseFirestore */,
				5F4E00A72C72446F00EE7D87 /* FirebaseFirestoreCombine-Community */,
				5F4E00A92C72446F00EE7D87 /* FirebaseFunctions */,
				5F4E00AB2C72446F00EE7D87 /* FirebaseFunctionsCombine-Community */,
				5F4E00AD2C72446F00EE7D87 /* FirebaseInAppMessaging-Beta */,
				5F4E00AF2C72446F00EE7D87 /* FirebaseInstallations */,
				5F4E00B12C72446F00EE7D87 /* FirebaseMLModelDownloader */,
				5F4E00B32C72446F00EE7D87 /* FirebaseMessaging */,
				5F4E00B52C72446F00EE7D87 /* FirebasePerformance */,
				5F4E00B72C72446F00EE7D87 /* FirebaseRemoteConfig */,
				5F4E00B92C72446F00EE7D87 /* FirebaseStorage */,
				5F4E00BB2C72446F00EE7D87 /* FirebaseStorageCombine-Community */,
				5F4E00BD2C72446F00EE7D87 /* FirebaseVertexAI-Preview */,
			);
			productName = Alias;
			productReference = 5F7E5F8D2C67B995003DCB2F /* Alias.app */;
			productType = "com.apple.product-type.application";
		};
/* End PBXNativeTarget section */

/* Begin PBXProject section */
		5F7E5F852C67B995003DCB2F /* Project object */ = {
			isa = PBXProject;
			attributes = {
				BuildIndependentTargetsInParallel = 1;
				LastSwiftUpdateCheck = 1510;
				LastUpgradeCheck = 1510;
				TargetAttributes = {
					5F7E5F8C2C67B995003DCB2F = {
						CreatedOnToolsVersion = 15.1;
					};
				};
			};
			buildConfigurationList = 5F7E5F882C67B995003DCB2F /* Build configuration list for PBXProject "Alias" */;
			compatibilityVersion = "Xcode 14.0";
			developmentRegion = en;
			hasScannedForEncodings = 0;
			knownRegions = (
				en,
				Base,
			);
			mainGroup = 5F7E5F842C67B995003DCB2F;
			packageReferences = (
				5F4E00902C72446F00EE7D87 /* XCRemoteSwiftPackageReference "firebase-ios-sdk" */,
			);
			productRefGroup = 5F7E5F8E2C67B995003DCB2F /* Products */;
			projectDirPath = "";
			projectRoot = "";
			targets = (
				5F7E5F8C2C67B995003DCB2F /* Alias */,
			);
		};
/* End PBXProject section */

/* Begin PBXResourcesBuildPhase section */
		5F7E5F8B2C67B995003DCB2F /* Resources */ = {
			isa = PBXResourcesBuildPhase;
			buildActionMask = 2147483647;
			files = (
				5F7E5F982C67B997003DCB2F /* Preview Assets.xcassets in Resources */,
				5F4E00C22C72483E00EE7D87 /* GoogleService-Info.plist in Resources */,
				5F7E5F952C67B997003DCB2F /* Assets.xcassets in Resources */,
			);
			runOnlyForDeploymentPostprocessing = 0;
		};
/* End PBXResourcesBuildPhase section */

/* Begin PBXSourcesBuildPhase section */
		5F7E5F892C67B995003DCB2F /* Sources */ = {
			isa = PBXSourcesBuildPhase;
			buildActionMask = 2147483647;
			files = (
				5F4E008A2C71F57200EE7D87 /* Router.swift in Sources */,
				5F2A20442C7258C5001310FA /* UIApplication+EndEditing.swift in Sources */,
				5F8157332C70DB2500CEDD8F /* WordGuessView.swift in Sources */,
				5F4E00862C71DC6900EE7D87 /* GameManager.swift in Sources */,
				5F4E00882C71E5E500EE7D87 /* PrepareView.swift in Sources */,
				5F7E5FA22C67BAE4003DCB2F /* Color+Random.swift in Sources */,
				5F4E008E2C7205DB00EE7D87 /* GameResultView.swift in Sources */,
				5F7E5F9F2C67B9DD003DCB2F /* MainMenuView.swift in Sources */,
				5F4E008C2C72023400EE7D87 /* RoundResultView.swift in Sources */,
				5F8157392C71128300CEDD8F /* Array+RemoveRandom.swift in Sources */,
				5F4E00C02C72453600EE7D87 /* WebView.swift in Sources */,
				5F7E5F912C67B995003DCB2F /* AliasApp.swift in Sources */,
				5F4E00842C71D7FB00EE7D87 /* Constants.swift in Sources */,
			);
			runOnlyForDeploymentPostprocessing = 0;
		};
/* End PBXSourcesBuildPhase section */

/* Begin XCBuildConfiguration section */
		5F7E5F992C67B997003DCB2F /* Debug */ = {
			isa = XCBuildConfiguration;
			buildSettings = {
				ALWAYS_SEARCH_USER_PATHS = NO;
				ASSETCATALOG_COMPILER_GENERATE_SWIFT_ASSET_SYMBOL_EXTENSIONS = YES;
				CLANG_ANALYZER_NONNULL = YES;
				CLANG_ANALYZER_NUMBER_OBJECT_CONVERSION = YES_AGGRESSIVE;
				CLANG_CXX_LANGUAGE_STANDARD = "gnu++20";
				CLANG_ENABLE_MODULES = YES;
				CLANG_ENABLE_OBJC_ARC = YES;
				CLANG_ENABLE_OBJC_WEAK = YES;
				CLANG_WARN_BLOCK_CAPTURE_AUTORELEASING = YES;
				CLANG_WARN_BOOL_CONVERSION = YES;
				CLANG_WARN_COMMA = YES;
				CLANG_WARN_CONSTANT_CONVERSION = YES;
				CLANG_WARN_DEPRECATED_OBJC_IMPLEMENTATIONS = YES;
				CLANG_WARN_DIRECT_OBJC_ISA_USAGE = YES_ERROR;
				CLANG_WARN_DOCUMENTATION_COMMENTS = YES;
				CLANG_WARN_EMPTY_BODY = YES;
				CLANG_WARN_ENUM_CONVERSION = YES;
				CLANG_WARN_INFINITE_RECURSION = YES;
				CLANG_WARN_INT_CONVERSION = YES;
				CLANG_WARN_NON_LITERAL_NULL_CONVERSION = YES;
				CLANG_WARN_OBJC_IMPLICIT_RETAIN_SELF = YES;
				CLANG_WARN_OBJC_LITERAL_CONVERSION = YES;
				CLANG_WARN_OBJC_ROOT_CLASS = YES_ERROR;
				CLANG_WARN_QUOTED_INCLUDE_IN_FRAMEWORK_HEADER = YES;
				CLANG_WARN_RANGE_LOOP_ANALYSIS = YES;
				CLANG_WARN_STRICT_PROTOTYPES = YES;
				CLANG_WARN_SUSPICIOUS_MOVE = YES;
				CLANG_WARN_UNGUARDED_AVAILABILITY = YES_AGGRESSIVE;
				CLANG_WARN_UNREACHABLE_CODE = YES;
				CLANG_WARN__DUPLICATE_METHOD_MATCH = YES;
				COPY_PHASE_STRIP = NO;
				DEBUG_INFORMATION_FORMAT = dwarf;
				ENABLE_STRICT_OBJC_MSGSEND = YES;
				ENABLE_TESTABILITY = YES;
				ENABLE_USER_SCRIPT_SANDBOXING = YES;
				GCC_C_LANGUAGE_STANDARD = gnu17;
				GCC_DYNAMIC_NO_PIC = NO;
				GCC_NO_COMMON_BLOCKS = YES;
				GCC_OPTIMIZATION_LEVEL = 0;
				GCC_PREPROCESSOR_DEFINITIONS = (
					"DEBUG=1",
					"$(inherited)",
				);
				GCC_WARN_64_TO_32_BIT_CONVERSION = YES;
				GCC_WARN_ABOUT_RETURN_TYPE = YES_ERROR;
				GCC_WARN_UNDECLARED_SELECTOR = YES;
				GCC_WARN_UNINITIALIZED_AUTOS = YES_AGGRESSIVE;
				GCC_WARN_UNUSED_FUNCTION = YES;
				GCC_WARN_UNUSED_VARIABLE = YES;
				IPHONEOS_DEPLOYMENT_TARGET = 17.2;
				LOCALIZATION_PREFERS_STRING_CATALOGS = YES;
				MTL_ENABLE_DEBUG_INFO = INCLUDE_SOURCE;
				MTL_FAST_MATH = YES;
				ONLY_ACTIVE_ARCH = YES;
				SDKROOT = iphoneos;
				SWIFT_ACTIVE_COMPILATION_CONDITIONS = "DEBUG $(inherited)";
				SWIFT_OPTIMIZATION_LEVEL = "-Onone";
			};
			name = Debug;
		};
		5F7E5F9A2C67B997003DCB2F /* Release */ = {
			isa = XCBuildConfiguration;
			buildSettings = {
				ALWAYS_SEARCH_USER_PATHS = NO;
				ASSETCATALOG_COMPILER_GENERATE_SWIFT_ASSET_SYMBOL_EXTENSIONS = YES;
				CLANG_ANALYZER_NONNULL = YES;
				CLANG_ANALYZER_NUMBER_OBJECT_CONVERSION = YES_AGGRESSIVE;
				CLANG_CXX_LANGUAGE_STANDARD = "gnu++20";
				CLANG_ENABLE_MODULES = YES;
				CLANG_ENABLE_OBJC_ARC = YES;
				CLANG_ENABLE_OBJC_WEAK = YES;
				CLANG_WARN_BLOCK_CAPTURE_AUTORELEASING = YES;
				CLANG_WARN_BOOL_CONVERSION = YES;
				CLANG_WARN_COMMA = YES;
				CLANG_WARN_CONSTANT_CONVERSION = YES;
				CLANG_WARN_DEPRECATED_OBJC_IMPLEMENTATIONS = YES;
				CLANG_WARN_DIRECT_OBJC_ISA_USAGE = YES_ERROR;
				CLANG_WARN_DOCUMENTATION_COMMENTS = YES;
				CLANG_WARN_EMPTY_BODY = YES;
				CLANG_WARN_ENUM_CONVERSION = YES;
				CLANG_WARN_INFINITE_RECURSION = YES;
				CLANG_WARN_INT_CONVERSION = YES;
				CLANG_WARN_NON_LITERAL_NULL_CONVERSION = YES;
				CLANG_WARN_OBJC_IMPLICIT_RETAIN_SELF = YES;
				CLANG_WARN_OBJC_LITERAL_CONVERSION = YES;
				CLANG_WARN_OBJC_ROOT_CLASS = YES_ERROR;
				CLANG_WARN_QUOTED_INCLUDE_IN_FRAMEWORK_HEADER = YES;
				CLANG_WARN_RANGE_LOOP_ANALYSIS = YES;
				CLANG_WARN_STRICT_PROTOTYPES = YES;
				CLANG_WARN_SUSPICIOUS_MOVE = YES;
				CLANG_WARN_UNGUARDED_AVAILABILITY = YES_AGGRESSIVE;
				CLANG_WARN_UNREACHABLE_CODE = YES;
				CLANG_WARN__DUPLICATE_METHOD_MATCH = YES;
				COPY_PHASE_STRIP = NO;
				DEBUG_INFORMATION_FORMAT = "dwarf-with-dsym";
				ENABLE_NS_ASSERTIONS = NO;
				ENABLE_STRICT_OBJC_MSGSEND = YES;
				ENABLE_USER_SCRIPT_SANDBOXING = YES;
				GCC_C_LANGUAGE_STANDARD = gnu17;
				GCC_NO_COMMON_BLOCKS = YES;
				GCC_WARN_64_TO_32_BIT_CONVERSION = YES;
				GCC_WARN_ABOUT_RETURN_TYPE = YES_ERROR;
				GCC_WARN_UNDECLARED_SELECTOR = YES;
				GCC_WARN_UNINITIALIZED_AUTOS = YES_AGGRESSIVE;
				GCC_WARN_UNUSED_FUNCTION = YES;
				GCC_WARN_UNUSED_VARIABLE = YES;
				IPHONEOS_DEPLOYMENT_TARGET = 17.2;
				LOCALIZATION_PREFERS_STRING_CATALOGS = YES;
				MTL_ENABLE_DEBUG_INFO = NO;
				MTL_FAST_MATH = YES;
				SDKROOT = iphoneos;
				SWIFT_COMPILATION_MODE = wholemodule;
				VALIDATE_PRODUCT = YES;
			};
			name = Release;
		};
		5F7E5F9C2C67B997003DCB2F /* Debug */ = {
			isa = XCBuildConfiguration;
			buildSettings = {
				ASSETCATALOG_COMPILER_APPICON_NAME = AppIcon;
				ASSETCATALOG_COMPILER_GLOBAL_ACCENT_COLOR_NAME = AccentColor;
				CODE_SIGN_STYLE = Automatic;
				CURRENT_PROJECT_VERSION = 1;
				DEVELOPMENT_ASSET_PATHS = "\"Alias/Preview Content\"";
				DEVELOPMENT_TEAM = PGXR3ZUCW4;
				ENABLE_PREVIEWS = YES;
				GENERATE_INFOPLIST_FILE = YES;
				INFOPLIST_KEY_CFBundleDisplayName = "Simple Alias";
				INFOPLIST_KEY_UIApplicationSceneManifest_Generation = YES;
				INFOPLIST_KEY_UIApplicationSupportsIndirectInputEvents = YES;
				INFOPLIST_KEY_UILaunchScreen_Generation = YES;
				INFOPLIST_KEY_UISupportedInterfaceOrientations_iPad = "UIInterfaceOrientationPortrait UIInterfaceOrientationPortraitUpsideDown UIInterfaceOrientationLandscapeLeft UIInterfaceOrientationLandscapeRight";
				INFOPLIST_KEY_UISupportedInterfaceOrientations_iPhone = "UIInterfaceOrientationPortrait UIInterfaceOrientationLandscapeLeft UIInterfaceOrientationLandscapeRight";
				IPHONEOS_DEPLOYMENT_TARGET = 17.0;
				LD_RUNPATH_SEARCH_PATHS = (
					"$(inherited)",
					"@executable_path/Frameworks",
				);
				MARKETING_VERSION = 1.0;
				PRODUCT_BUNDLE_IDENTIFIER = com.daniil.Alias;
				PRODUCT_NAME = "$(TARGET_NAME)";
				SWIFT_EMIT_LOC_STRINGS = YES;
				SWIFT_VERSION = 5.0;
				TARGETED_DEVICE_FAMILY = "1,2";
			};
			name = Debug;
		};
		5F7E5F9D2C67B997003DCB2F /* Release */ = {
			isa = XCBuildConfiguration;
			buildSettings = {
				ASSETCATALOG_COMPILER_APPICON_NAME = AppIcon;
				ASSETCATALOG_COMPILER_GLOBAL_ACCENT_COLOR_NAME = AccentColor;
				CODE_SIGN_STYLE = Automatic;
				CURRENT_PROJECT_VERSION = 1;
				DEVELOPMENT_ASSET_PATHS = "\"Alias/Preview Content\"";
				DEVELOPMENT_TEAM = PGXR3ZUCW4;
				ENABLE_PREVIEWS = YES;
				GENERATE_INFOPLIST_FILE = YES;
				INFOPLIST_KEY_CFBundleDisplayName = "Simple Alias";
				INFOPLIST_KEY_UIApplicationSceneManifest_Generation = YES;
				INFOPLIST_KEY_UIApplicationSupportsIndirectInputEvents = YES;
				INFOPLIST_KEY_UILaunchScreen_Generation = YES;
				INFOPLIST_KEY_UISupportedInterfaceOrientations_iPad = "UIInterfaceOrientationPortrait UIInterfaceOrientationPortraitUpsideDown UIInterfaceOrientationLandscapeLeft UIInterfaceOrientationLandscapeRight";
				INFOPLIST_KEY_UISupportedInterfaceOrientations_iPhone = "UIInterfaceOrientationPortrait UIInterfaceOrientationLandscapeLeft UIInterfaceOrientationLandscapeRight";
				IPHONEOS_DEPLOYMENT_TARGET = 17.0;
				LD_RUNPATH_SEARCH_PATHS = (
					"$(inherited)",
					"@executable_path/Frameworks",
				);
				MARKETING_VERSION = 1.0;
				PRODUCT_BUNDLE_IDENTIFIER = com.daniil.Alias;
				PRODUCT_NAME = "$(TARGET_NAME)";
				SWIFT_EMIT_LOC_STRINGS = YES;
				SWIFT_VERSION = 5.0;
				TARGETED_DEVICE_FAMILY = "1,2";
			};
			name = Release;
		};
/* End XCBuildConfiguration section */

/* Begin XCConfigurationList section */
		5F7E5F882C67B995003DCB2F /* Build configuration list for PBXProject "Alias" */ = {
			isa = XCConfigurationList;
			buildConfigurations = (
				5F7E5F992C67B997003DCB2F /* Debug */,
				5F7E5F9A2C67B997003DCB2F /* Release */,
			);
			defaultConfigurationIsVisible = 0;
			defaultConfigurationName = Release;
		};
		5F7E5F9B2C67B997003DCB2F /* Build configuration list for PBXNativeTarget "Alias" */ = {
			isa = XCConfigurationList;
			buildConfigurations = (
				5F7E5F9C2C67B997003DCB2F /* Debug */,
				5F7E5F9D2C67B997003DCB2F /* Release */,
			);
			defaultConfigurationIsVisible = 0;
			defaultConfigurationName = Release;
		};
/* End XCConfigurationList section */

/* Begin XCRemoteSwiftPackageReference section */
		5F4E00902C72446F00EE7D87 /* XCRemoteSwiftPackageReference "firebase-ios-sdk" */ = {
			isa = XCRemoteSwiftPackageReference;
			repositoryURL = "https://github.com/firebase/firebase-ios-sdk";
			requirement = {
				kind = upToNextMajorVersion;
				minimumVersion = 11.0.0;
			};
		};
/* End XCRemoteSwiftPackageReference section */

/* Begin XCSwiftPackageProductDependency section */
		5F4E00912C72446F00EE7D87 /* FirebaseAnalytics */ = {
			isa = XCSwiftPackageProductDependency;
			package = 5F4E00902C72446F00EE7D87 /* XCRemoteSwiftPackageReference "firebase-ios-sdk" */;
			productName = FirebaseAnalytics;
		};
		5F4E00932C72446F00EE7D87 /* FirebaseAnalyticsOnDeviceConversion */ = {
			isa = XCSwiftPackageProductDependency;
			package = 5F4E00902C72446F00EE7D87 /* XCRemoteSwiftPackageReference "firebase-ios-sdk" */;
			productName = FirebaseAnalyticsOnDeviceConversion;
		};
		5F4E00952C72446F00EE7D87 /* FirebaseAnalyticsWithoutAdIdSupport */ = {
			isa = XCSwiftPackageProductDependency;
			package = 5F4E00902C72446F00EE7D87 /* XCRemoteSwiftPackageReference "firebase-ios-sdk" */;
			productName = FirebaseAnalyticsWithoutAdIdSupport;
		};
		5F4E00972C72446F00EE7D87 /* FirebaseAppCheck */ = {
			isa = XCSwiftPackageProductDependency;
			package = 5F4E00902C72446F00EE7D87 /* XCRemoteSwiftPackageReference "firebase-ios-sdk" */;
			productName = FirebaseAppCheck;
		};
		5F4E00992C72446F00EE7D87 /* FirebaseAppDistribution-Beta */ = {
			isa = XCSwiftPackageProductDependency;
			package = 5F4E00902C72446F00EE7D87 /* XCRemoteSwiftPackageReference "firebase-ios-sdk" */;
			productName = "FirebaseAppDistribution-Beta";
		};
		5F4E009B2C72446F00EE7D87 /* FirebaseAuth */ = {
			isa = XCSwiftPackageProductDependency;
			package = 5F4E00902C72446F00EE7D87 /* XCRemoteSwiftPackageReference "firebase-ios-sdk" */;
			productName = FirebaseAuth;
		};
		5F4E009D2C72446F00EE7D87 /* FirebaseAuthCombine-Community */ = {
			isa = XCSwiftPackageProductDependency;
			package = 5F4E00902C72446F00EE7D87 /* XCRemoteSwiftPackageReference "firebase-ios-sdk" */;
			productName = "FirebaseAuthCombine-Community";
		};
		5F4E009F2C72446F00EE7D87 /* FirebaseCrashlytics */ = {
			isa = XCSwiftPackageProductDependency;
			package = 5F4E00902C72446F00EE7D87 /* XCRemoteSwiftPackageReference "firebase-ios-sdk" */;
			productName = FirebaseCrashlytics;
		};
		5F4E00A12C72446F00EE7D87 /* FirebaseDatabase */ = {
			isa = XCSwiftPackageProductDependency;
			package = 5F4E00902C72446F00EE7D87 /* XCRemoteSwiftPackageReference "firebase-ios-sdk" */;
			productName = FirebaseDatabase;
		};
		5F4E00A32C72446F00EE7D87 /* FirebaseDynamicLinks */ = {
			isa = XCSwiftPackageProductDependency;
			package = 5F4E00902C72446F00EE7D87 /* XCRemoteSwiftPackageReference "firebase-ios-sdk" */;
			productName = FirebaseDynamicLinks;
		};
		5F4E00A52C72446F00EE7D87 /* FirebaseFirestore */ = {
			isa = XCSwiftPackageProductDependency;
			package = 5F4E00902C72446F00EE7D87 /* XCRemoteSwiftPackageReference "firebase-ios-sdk" */;
			productName = FirebaseFirestore;
		};
		5F4E00A72C72446F00EE7D87 /* FirebaseFirestoreCombine-Community */ = {
			isa = XCSwiftPackageProductDependency;
			package = 5F4E00902C72446F00EE7D87 /* XCRemoteSwiftPackageReference "firebase-ios-sdk" */;
			productName = "FirebaseFirestoreCombine-Community";
		};
		5F4E00A92C72446F00EE7D87 /* FirebaseFunctions */ = {
			isa = XCSwiftPackageProductDependency;
			package = 5F4E00902C72446F00EE7D87 /* XCRemoteSwiftPackageReference "firebase-ios-sdk" */;
			productName = FirebaseFunctions;
		};
		5F4E00AB2C72446F00EE7D87 /* FirebaseFunctionsCombine-Community */ = {
			isa = XCSwiftPackageProductDependency;
			package = 5F4E00902C72446F00EE7D87 /* XCRemoteSwiftPackageReference "firebase-ios-sdk" */;
			productName = "FirebaseFunctionsCombine-Community";
		};
		5F4E00AD2C72446F00EE7D87 /* FirebaseInAppMessaging-Beta */ = {
			isa = XCSwiftPackageProductDependency;
			package = 5F4E00902C72446F00EE7D87 /* XCRemoteSwiftPackageReference "firebase-ios-sdk" */;
			productName = "FirebaseInAppMessaging-Beta";
		};
		5F4E00AF2C72446F00EE7D87 /* FirebaseInstallations */ = {
			isa = XCSwiftPackageProductDependency;
			package = 5F4E00902C72446F00EE7D87 /* XCRemoteSwiftPackageReference "firebase-ios-sdk" */;
			productName = FirebaseInstallations;
		};
		5F4E00B12C72446F00EE7D87 /* FirebaseMLModelDownloader */ = {
			isa = XCSwiftPackageProductDependency;
			package = 5F4E00902C72446F00EE7D87 /* XCRemoteSwiftPackageReference "firebase-ios-sdk" */;
			productName = FirebaseMLModelDownloader;
		};
		5F4E00B32C72446F00EE7D87 /* FirebaseMessaging */ = {
			isa = XCSwiftPackageProductDependency;
			package = 5F4E00902C72446F00EE7D87 /* XCRemoteSwiftPackageReference "firebase-ios-sdk" */;
			productName = FirebaseMessaging;
		};
		5F4E00B52C72446F00EE7D87 /* FirebasePerformance */ = {
			isa = XCSwiftPackageProductDependency;
			package = 5F4E00902C72446F00EE7D87 /* XCRemoteSwiftPackageReference "firebase-ios-sdk" */;
			productName = FirebasePerformance;
		};
		5F4E00B72C72446F00EE7D87 /* FirebaseRemoteConfig */ = {
			isa = XCSwiftPackageProductDependency;
			package = 5F4E00902C72446F00EE7D87 /* XCRemoteSwiftPackageReference "firebase-ios-sdk" */;
			productName = FirebaseRemoteConfig;
		};
		5F4E00B92C72446F00EE7D87 /* FirebaseStorage */ = {
			isa = XCSwiftPackageProductDependency;
			package = 5F4E00902C72446F00EE7D87 /* XCRemoteSwiftPackageReference "firebase-ios-sdk" */;
			productName = FirebaseStorage;
		};
		5F4E00BB2C72446F00EE7D87 /* FirebaseStorageCombine-Community */ = {
			isa = XCSwiftPackageProductDependency;
			package = 5F4E00902C72446F00EE7D87 /* XCRemoteSwiftPackageReference "firebase-ios-sdk" */;
			productName = "FirebaseStorageCombine-Community";
		};
		5F4E00BD2C72446F00EE7D87 /* FirebaseVertexAI-Preview */ = {
			isa = XCSwiftPackageProductDependency;
			package = 5F4E00902C72446F00EE7D87 /* XCRemoteSwiftPackageReference "firebase-ios-sdk" */;
			productName = "FirebaseVertexAI-Preview";
		};
/* End XCSwiftPackageProductDependency section */
	};
	rootObject = 5F7E5F852C67B995003DCB2F /* Project object */;
}
